
Microsoft Visual Studio Solution File, Format Version 12.00
# Visual Studio Version 16
VisualStudioVersion = 16.0.32228.343
MinimumVisualStudioVersion = 10.0.40219.1
Project("{FAE04EC0-301F-11D3-BF4B-00C04F79EFBC}") = "Final Project - 2022", "Final Project - 2022\Final Project - 2022.csproj", "{8C4A2FE9-81BE-4BFD-B372-1BB2F9081382}"
EndProject
Project("{FAE04EC0-301F-11D3-BF4B-00C04F79EFBC}") = "Final Project - API", "Final Project - API\Final Project - API.csproj", "{C60815A7-9EB2-40D7-9597-261BC3E57A06}"
EndProject
Global
	GlobalSection(SolutionConfigurationPlatforms) = preSolution
		Debug|Any CPU = Debug|Any CPU
		Release|Any CPU = Release|Any CPU
	EndGlobalSection
	GlobalSection(ProjectConfigurationPlatforms) = postSolution
		{8C4A2FE9-81BE-4BFD-B372-1BB2F9081382}.Debug|Any CPU.ActiveCfg = Debug|Any CPU
		{8C4A2FE9-81BE-4BFD-B372-1BB2F9081382}.Debug|Any CPU.Build.0 = Debug|Any CPU
		{8C4A2FE9-81BE-4BFD-B372-1BB2F9081382}.Release|Any CPU.ActiveCfg = Release|Any CPU
		{8C4A2FE9-81BE-4BFD-B372-1BB2F9081382}.Release|Any CPU.Build.0 = Release|Any CPU
		{C60815A7-9EB2-40D7-9597-261BC3E57A06}.Debug|Any CPU.ActiveCfg = Debug|Any CPU
		{C60815A7-9EB2-40D7-9597-261BC3E57A06}.Debug|Any CPU.Build.0 = Debug|Any CPU
		{C60815A7-9EB2-40D7-9597-261BC3E57A06}.Release|Any CPU.ActiveCfg = Release|Any CPU
		{C60815A7-9EB2-40D7-9597-261BC3E57A06}.Release|Any CPU.Build.0 = Release|Any CPU
	EndGlobalSection
	GlobalSection(SolutionProperties) = preSolution
		HideSolutionNode = FALSE
	EndGlobalSection
	GlobalSection(ExtensibilityGlobals) = postSolution
		SolutionGuid = {95E51E6F-DFD5-46CF-B4EE-2BAA553B2D19}
	EndGlobalSection
EndGlobal
